
Microsoft Visual Studio Solution File, Format Version 12.00
# Visual Studio 2013
VisualStudioVersion = 12.0.31101.0
MinimumVisualStudioVersion = 10.0.40219.1
Project("{F2A71F9B-5D33-465A-A702-920D77279786}") = "fredis-server", "fredis-server\fredis-server.fsproj", "{7EC4CF4F-D4B4-4025-947D-C0F6639C0DD8}"
EndProject
Project("{F2A71F9B-5D33-465A-A702-920D77279786}") = "scratch", "scratch\scratch.fsproj", "{076C00B1-B983-4162-801C-90790BCA43A5}"
EndProject
Project("{F2A71F9B-5D33-465A-A702-920D77279786}") = "fredis-lib", "fredis-lib\fredis-lib.fsproj", "{2B4825FD-73B1-4105-A6E7-32ECF0263400}"
EndProject
Project("{F2A71F9B-5D33-465A-A702-920D77279786}") = "fredis-test", "fredis-test\fredis-test.fsproj", "{92218ACA-DB5F-4CC7-8C1F-B78DAFBDE230}"
EndProject
Project("{2150E333-8FDC-42A3-9474-1A3956D46DE8}") = ".nuget", ".nuget", "{40CC5AE8-B84E-438B-82C1-964D4534C9A0}"
	ProjectSection(SolutionItems) = preProject
		.nuget\packages.config = .nuget\packages.config
	EndProjectSection
EndProject
Global
	GlobalSection(SolutionConfigurationPlatforms) = preSolution
		Debug|Any CPU = Debug|Any CPU
		Release|Any CPU = Release|Any CPU
	EndGlobalSection
	GlobalSection(ProjectConfigurationPlatforms) = postSolution
		{7EC4CF4F-D4B4-4025-947D-C0F6639C0DD8}.Debug|Any CPU.ActiveCfg = Debug|Any CPU
		{7EC4CF4F-D4B4-4025-947D-C0F6639C0DD8}.Debug|Any CPU.Build.0 = Debug|Any CPU
		{7EC4CF4F-D4B4-4025-947D-C0F6639C0DD8}.Release|Any CPU.ActiveCfg = Release|Any CPU
		{7EC4CF4F-D4B4-4025-947D-C0F6639C0DD8}.Release|Any CPU.Build.0 = Release|Any CPU
		{076C00B1-B983-4162-801C-90790BCA43A5}.Debug|Any CPU.ActiveCfg = Debug|Any CPU
		{076C00B1-B983-4162-801C-90790BCA43A5}.Debug|Any CPU.Build.0 = Debug|Any CPU
		{076C00B1-B983-4162-801C-90790BCA43A5}.Release|Any CPU.ActiveCfg = Release|Any CPU
		{076C00B1-B983-4162-801C-90790BCA43A5}.Release|Any CPU.Build.0 = Release|Any CPU
		{2B4825FD-73B1-4105-A6E7-32ECF0263400}.Debug|Any CPU.ActiveCfg = Debug|Any CPU
		{2B4825FD-73B1-4105-A6E7-32ECF0263400}.Debug|Any CPU.Build.0 = Debug|Any CPU
		{2B4825FD-73B1-4105-A6E7-32ECF0263400}.Release|Any CPU.ActiveCfg = Release|Any CPU
		{2B4825FD-73B1-4105-A6E7-32ECF0263400}.Release|Any CPU.Build.0 = Release|Any CPU
		{92218ACA-DB5F-4CC7-8C1F-B78DAFBDE230}.Debug|Any CPU.ActiveCfg = Debug|Any CPU
		{92218ACA-DB5F-4CC7-8C1F-B78DAFBDE230}.Debug|Any CPU.Build.0 = Debug|Any CPU
		{92218ACA-DB5F-4CC7-8C1F-B78DAFBDE230}.Release|Any CPU.ActiveCfg = Release|Any CPU
		{92218ACA-DB5F-4CC7-8C1F-B78DAFBDE230}.Release|Any CPU.Build.0 = Release|Any CPU
	EndGlobalSection
	GlobalSection(SolutionProperties) = preSolution
		HideSolutionNode = FALSE
	EndGlobalSection
EndGlobal
