
Microsoft Visual Studio Solution File, Format Version 12.00
# Visual Studio 14
VisualStudioVersion = 14.0.24720.0
MinimumVisualStudioVersion = 10.0.40219.1
Project("{2150E333-8FDC-42A3-9474-1A3956D46DE8}") = ".paket", ".paket", "{8CB7BC0D-2E8F-4758-9100-358F04DC6784}"
	ProjectSection(SolutionItems) = preProject
		paket.dependencies = paket.dependencies
	EndProjectSection
EndProject
Project("{F2A71F9B-5D33-465A-A702-920D77279786}") = "fredis-server", "fredis-server\fredis-server.fsproj", "{7EC4CF4F-D4B4-4025-947D-C0F6639C0DD8}"
EndProject
Project("{F2A71F9B-5D33-465A-A702-920D77279786}") = "fredis-lib", "fredis-lib\fredis-lib.fsproj", "{2B4825FD-73B1-4105-A6E7-32ECF0263400}"
EndProject
Project("{F2A71F9B-5D33-465A-A702-920D77279786}") = "FredisTest", "fredis-test\FredisTest.fsproj", "{92218ACA-DB5F-4CC7-8C1F-B78DAFBDE230}"
EndProject
Project("{2150E333-8FDC-42A3-9474-1A3956D46DE8}") = "Solution Items", "Solution Items", "{24841886-0A35-451E-9FD7-0E66336A8493}"
	ProjectSection(SolutionItems) = preProject
		snippets.fs = snippets.fs
	EndProjectSection
EndProject
Project("{F2A71F9B-5D33-465A-A702-920D77279786}") = "FredisVsRedis", "FredisVsRedis\FredisVsRedis.fsproj", "{71F73B3B-6A91-456C-BA4C-EF4B67FCF677}"
EndProject
Project("{2150E333-8FDC-42A3-9474-1A3956D46DE8}") = "benchmark test scripts", "benchmark test scripts", "{E309643F-8703-4436-A38C-48212B969916}"
	ProjectSection(SolutionItems) = preProject
		benchmark-test-scripts\bufSize.ps1 = benchmark-test-scripts\bufSize.ps1
		benchmark-test-scripts\c_test.ps1 = benchmark-test-scripts\c_test.ps1
		benchmark-test-scripts\d_test.bat = benchmark-test-scripts\d_test.bat
		benchmark-test-scripts\r_test.bat = benchmark-test-scripts\r_test.bat
	EndProjectSection
EndProject
Global
	GlobalSection(SolutionConfigurationPlatforms) = preSolution
		Debug|Any CPU = Debug|Any CPU
		Release|Any CPU = Release|Any CPU
	EndGlobalSection
	GlobalSection(ProjectConfigurationPlatforms) = postSolution
		{7EC4CF4F-D4B4-4025-947D-C0F6639C0DD8}.Debug|Any CPU.ActiveCfg = Debug|Any CPU
		{7EC4CF4F-D4B4-4025-947D-C0F6639C0DD8}.Debug|Any CPU.Build.0 = Debug|Any CPU
		{7EC4CF4F-D4B4-4025-947D-C0F6639C0DD8}.Release|Any CPU.ActiveCfg = Release|Any CPU
		{7EC4CF4F-D4B4-4025-947D-C0F6639C0DD8}.Release|Any CPU.Build.0 = Release|Any CPU
		{2B4825FD-73B1-4105-A6E7-32ECF0263400}.Debug|Any CPU.ActiveCfg = Debug|Any CPU
		{2B4825FD-73B1-4105-A6E7-32ECF0263400}.Debug|Any CPU.Build.0 = Debug|Any CPU
		{2B4825FD-73B1-4105-A6E7-32ECF0263400}.Release|Any CPU.ActiveCfg = Release|Any CPU
		{2B4825FD-73B1-4105-A6E7-32ECF0263400}.Release|Any CPU.Build.0 = Release|Any CPU
		{92218ACA-DB5F-4CC7-8C1F-B78DAFBDE230}.Debug|Any CPU.ActiveCfg = Debug|Any CPU
		{92218ACA-DB5F-4CC7-8C1F-B78DAFBDE230}.Debug|Any CPU.Build.0 = Debug|Any CPU
		{92218ACA-DB5F-4CC7-8C1F-B78DAFBDE230}.Release|Any CPU.ActiveCfg = Release|Any CPU
		{92218ACA-DB5F-4CC7-8C1F-B78DAFBDE230}.Release|Any CPU.Build.0 = Release|Any CPU
		{71F73B3B-6A91-456C-BA4C-EF4B67FCF677}.Debug|Any CPU.ActiveCfg = Debug|Any CPU
		{71F73B3B-6A91-456C-BA4C-EF4B67FCF677}.Debug|Any CPU.Build.0 = Debug|Any CPU
		{71F73B3B-6A91-456C-BA4C-EF4B67FCF677}.Release|Any CPU.ActiveCfg = Release|Any CPU
		{71F73B3B-6A91-456C-BA4C-EF4B67FCF677}.Release|Any CPU.Build.0 = Release|Any CPU
	EndGlobalSection
	GlobalSection(SolutionProperties) = preSolution
		HideSolutionNode = FALSE
	EndGlobalSection
EndGlobal
