
Microsoft Visual Studio Solution File, Format Version 12.00
# Visual Studio 14
VisualStudioVersion = 14.0.23107.0
MinimumVisualStudioVersion = 10.0.40219.1
Project("{F2A71F9B-5D33-465A-A702-920D77279786}") = "fredis-server", "fredis-server\fredis-server.fsproj", "{7EC4CF4F-D4B4-4025-947D-C0F6639C0DD8}"
EndProject
Project("{F2A71F9B-5D33-465A-A702-920D77279786}") = "fredis-lib", "fredis-lib\fredis-lib.fsproj", "{2B4825FD-73B1-4105-A6E7-32ECF0263400}"
EndProject
Project("{F2A71F9B-5D33-465A-A702-920D77279786}") = "fredis-test", "fredis-test\fredis-test.fsproj", "{92218ACA-DB5F-4CC7-8C1F-B78DAFBDE230}"
EndProject
Project("{2150E333-8FDC-42A3-9474-1A3956D46DE8}") = ".nuget", ".nuget", "{40CC5AE8-B84E-438B-82C1-964D4534C9A0}"
	ProjectSection(SolutionItems) = preProject
		.nuget\packages.config = .nuget\packages.config
	EndProjectSection
EndProject
Project("{2150E333-8FDC-42A3-9474-1A3956D46DE8}") = "Solution Items", "Solution Items", "{24841886-0A35-451E-9FD7-0E66336A8493}"
	ProjectSection(SolutionItems) = preProject
		snippets.fs = snippets.fs
	EndProjectSection
EndProject
Project("{F2A71F9B-5D33-465A-A702-920D77279786}") = "fDisruptor", "fDisruptor\fDisruptor.fsproj", "{A4CDD6F4-5370-4F3C-9979-16721C669776}"
EndProject
Project("{FAE04EC0-301F-11D3-BF4B-00C04F79EFBC}") = "Sequence", "Sequence\Sequence.csproj", "{0A401880-0B72-46AC-BB56-AEF1DB84533B}"
EndProject
Project("{F2A71F9B-5D33-465A-A702-920D77279786}") = "fDisruptor-test", "fDisruptor-test\fDisruptor-test.fsproj", "{3D6C5389-A123-4A08-A764-79E839E92E7C}"
EndProject
Project("{F2A71F9B-5D33-465A-A702-920D77279786}") = "fredis-vs-redis-test", "fredis-redis-test\fredis-vs-redis-test.fsproj", "{70345B34-10CE-401A-9A00-153ED7DE3166}"
EndProject
Global
	GlobalSection(SolutionConfigurationPlatforms) = preSolution
		Debug|Any CPU = Debug|Any CPU
		Release|Any CPU = Release|Any CPU
	EndGlobalSection
	GlobalSection(ProjectConfigurationPlatforms) = postSolution
		{7EC4CF4F-D4B4-4025-947D-C0F6639C0DD8}.Debug|Any CPU.ActiveCfg = Debug|Any CPU
		{7EC4CF4F-D4B4-4025-947D-C0F6639C0DD8}.Debug|Any CPU.Build.0 = Debug|Any CPU
		{7EC4CF4F-D4B4-4025-947D-C0F6639C0DD8}.Release|Any CPU.ActiveCfg = Release|Any CPU
		{7EC4CF4F-D4B4-4025-947D-C0F6639C0DD8}.Release|Any CPU.Build.0 = Release|Any CPU
		{2B4825FD-73B1-4105-A6E7-32ECF0263400}.Debug|Any CPU.ActiveCfg = Debug|Any CPU
		{2B4825FD-73B1-4105-A6E7-32ECF0263400}.Debug|Any CPU.Build.0 = Debug|Any CPU
		{2B4825FD-73B1-4105-A6E7-32ECF0263400}.Release|Any CPU.ActiveCfg = Release|Any CPU
		{2B4825FD-73B1-4105-A6E7-32ECF0263400}.Release|Any CPU.Build.0 = Release|Any CPU
		{92218ACA-DB5F-4CC7-8C1F-B78DAFBDE230}.Debug|Any CPU.ActiveCfg = Debug|Any CPU
		{92218ACA-DB5F-4CC7-8C1F-B78DAFBDE230}.Debug|Any CPU.Build.0 = Debug|Any CPU
		{92218ACA-DB5F-4CC7-8C1F-B78DAFBDE230}.Release|Any CPU.ActiveCfg = Release|Any CPU
		{92218ACA-DB5F-4CC7-8C1F-B78DAFBDE230}.Release|Any CPU.Build.0 = Release|Any CPU
		{A4CDD6F4-5370-4F3C-9979-16721C669776}.Debug|Any CPU.ActiveCfg = Debug|Any CPU
		{A4CDD6F4-5370-4F3C-9979-16721C669776}.Debug|Any CPU.Build.0 = Debug|Any CPU
		{A4CDD6F4-5370-4F3C-9979-16721C669776}.Release|Any CPU.ActiveCfg = Release|Any CPU
		{A4CDD6F4-5370-4F3C-9979-16721C669776}.Release|Any CPU.Build.0 = Release|Any CPU
		{0A401880-0B72-46AC-BB56-AEF1DB84533B}.Debug|Any CPU.ActiveCfg = Debug|Any CPU
		{0A401880-0B72-46AC-BB56-AEF1DB84533B}.Debug|Any CPU.Build.0 = Debug|Any CPU
		{0A401880-0B72-46AC-BB56-AEF1DB84533B}.Release|Any CPU.ActiveCfg = Release|Any CPU
		{0A401880-0B72-46AC-BB56-AEF1DB84533B}.Release|Any CPU.Build.0 = Release|Any CPU
		{3D6C5389-A123-4A08-A764-79E839E92E7C}.Debug|Any CPU.ActiveCfg = Debug|Any CPU
		{3D6C5389-A123-4A08-A764-79E839E92E7C}.Debug|Any CPU.Build.0 = Debug|Any CPU
		{3D6C5389-A123-4A08-A764-79E839E92E7C}.Release|Any CPU.ActiveCfg = Release|Any CPU
		{3D6C5389-A123-4A08-A764-79E839E92E7C}.Release|Any CPU.Build.0 = Release|Any CPU
		{70345B34-10CE-401A-9A00-153ED7DE3166}.Debug|Any CPU.ActiveCfg = Debug|Any CPU
		{70345B34-10CE-401A-9A00-153ED7DE3166}.Debug|Any CPU.Build.0 = Debug|Any CPU
		{70345B34-10CE-401A-9A00-153ED7DE3166}.Release|Any CPU.ActiveCfg = Release|Any CPU
		{70345B34-10CE-401A-9A00-153ED7DE3166}.Release|Any CPU.Build.0 = Release|Any CPU
	EndGlobalSection
	GlobalSection(SolutionProperties) = preSolution
		HideSolutionNode = FALSE
	EndGlobalSection
EndGlobal
